lockfileVersion: '9.0'

settings:
  autoInstallPeers: true
  excludeLinksFromLockfile: false

importers:

  .:
    devDependencies:
      turbo:
        specifier: ^2.3.1
        version: 2.3.1

  config/eslint-config: {}

  config/prettier:
    devDependencies:
      prettier:
        specifier: ^3.3.3
        version: 3.3.3
      prettier-plugin-tailwindcss:
        specifier: ^0.6.9
        version: 0.6.9(prettier@3.3.3)

  config/typescript-config: {}

packages:

  prettier-plugin-tailwindcss@0.6.9:
    resolution: {integrity: sha512-r0i3uhaZAXYP0At5xGfJH876W3HHGHDp+LCRUJrs57PBeQ6mYHMwr25KH8NPX44F2yGTvdnH7OqCshlQx183Eg==}
    engines: {node: '>=14.21.3'}
    peerDependencies:
      '@ianvs/prettier-plugin-sort-imports': '*'
      '@prettier/plugin-pug': '*'
      '@shopify/prettier-plugin-liquid': '*'
      '@trivago/prettier-plugin-sort-imports': '*'
      '@zackad/prettier-plugin-twig-melody': '*'
      prettier: ^3.0
      prettier-plugin-astro: '*'
      prettier-plugin-css-order: '*'
      prettier-plugin-import-sort: '*'
      prettier-plugin-jsdoc: '*'
      prettier-plugin-marko: '*'
      prettier-plugin-multiline-arrays: '*'
      prettier-plugin-organize-attributes: '*'
      prettier-plugin-organize-imports: '*'
      prettier-plugin-sort-imports: '*'
      prettier-plugin-style-order: '*'
      prettier-plugin-svelte: '*'
    peerDependenciesMeta:
      '@ianvs/prettier-plugin-sort-imports':
        optional: true
      '@prettier/plugin-pug':
        optional: true
      '@shopify/prettier-plugin-liquid':
        optional: true
      '@trivago/prettier-plugin-sort-imports':
        optional: true
      '@zackad/prettier-plugin-twig-melody':
        optional: true
      prettier-plugin-astro:
        optional: true
      prettier-plugin-css-order:
        optional: true
      prettier-plugin-import-sort:
        optional: true
      prettier-plugin-jsdoc:
        optional: true
      prettier-plugin-marko:
        optional: true
      prettier-plugin-multiline-arrays:
        optional: true
      prettier-plugin-organize-attributes:
        optional: true
      prettier-plugin-organize-imports:
        optional: true
      prettier-plugin-sort-imports:
        optional: true
      prettier-plugin-style-order:
        optional: true
      prettier-plugin-svelte:
        optional: true

  prettier@3.3.3:
    resolution: {integrity: sha512-i2tDNA0O5IrMO757lfrdQZCc2jPNDVntV0m/+4whiDfWaTKfMNgR7Qz0NAeGz/nRqF4m5/6CLzbP4/liHt12Ew==}
    engines: {node: '>=14'}
    hasBin: true

  turbo-darwin-64@2.3.1:
    resolution: {integrity: sha512-tjHfjW/Gs8Q9IO+9gPdIsSStZ8I09QYDRT/SyhFTPLnc7O2ZlxHPBVFfjUkHUjanHNYO8CpRGt+zdp1PaMCruw==}
    cpu: [x64]
    os: [darwin]

  turbo-darwin-arm64@2.3.1:
    resolution: {integrity: sha512-At1WStnxCfrBQ4M2g6ynre8WsusGwA11okhVolBxyFUemYozDTtbZwelr+IqNggjT251vviokxOkcFzzogbiFw==}
    cpu: [arm64]
    os: [darwin]

  turbo-linux-64@2.3.1:
    resolution: {integrity: sha512-COwEev7s9fsxLM2eoRCyRLPj+BXvZjFIS+GxzdAubYhoSoZit8B8QGKczyDl6448xhuFEWKrpHhcR9aBuwB4ag==}
    cpu: [x64]
    os: [linux]

  turbo-linux-arm64@2.3.1:
    resolution: {integrity: sha512-AP0uE15Rhxza2Jl+Q3gxdXRA92IIeFAYaufz6CMcZuGy9yZsBlLt9w6T47H6g7XQPzWuw8pzfjM1omcTKkkDpQ==}
    cpu: [arm64]
    os: [linux]

  turbo-windows-64@2.3.1:
    resolution: {integrity: sha512-HDSneq0dNZYZch74c2eygq+OiJE/JYDs7OsGM0yRYVj336383xkUnxz6W2I7qiyMCQXzp4UVUDZXvZhUYcX3BA==}
    cpu: [x64]
    os: [win32]

  turbo-windows-arm64@2.3.1:
    resolution: {integrity: sha512-7/2/sJZiquwoT/jWBCfV0qKq4NarsJPmDRjMcR9dDMIwCYsGM8ljomkDRTCtkNeFcUvYw54MiRWHehWgbcRPsw==}
    cpu: [arm64]
    os: [win32]

  turbo@2.3.1:
    resolution: {integrity: sha512-vHZe/e6k1HZVKiMQPQ1BWFn53vjVQDFKdkjUq/pBKlRWi1gw9LQO6ntH4qZCcHY1rH6TXgsRmexXdgWl96YvVQ==}
    hasBin: true

snapshots:

  prettier-plugin-tailwindcss@0.6.9(prettier@3.3.3):
    dependencies:
      prettier: 3.3.3

  prettier@3.3.3: {}

  turbo-darwin-64@2.3.1:
    optional: true

  turbo-darwin-arm64@2.3.1:
    optional: true

  turbo-linux-64@2.3.1:
    optional: true

  turbo-linux-arm64@2.3.1:
    optional: true

  turbo-windows-64@2.3.1:
    optional: true

  turbo-windows-arm64@2.3.1:
    optional: true

  turbo@2.3.1:
    optionalDependencies:
      turbo-darwin-64: 2.3.1
      turbo-darwin-arm64: 2.3.1
      turbo-linux-64: 2.3.1
      turbo-linux-arm64: 2.3.1
      turbo-windows-64: 2.3.1
      turbo-windows-arm64: 2.3.1
